
Microsoft Visual Studio Solution File, Format Version 12.00
# Visual Studio Version 17
VisualStudioVersion = 17.9.34616.47
MinimumVisualStudioVersion = 10.0.40219.1
Project("{FAE04EC0-301F-11D3-BF4B-00C04F79EFBC}") = "servertest1", "servertest1\servertest1.csproj", "{57F21FD5-4DCE-4F41-8E0C-4F62C788FAF0}"
EndProject
Global
	GlobalSection(SolutionConfigurationPlatforms) = preSolution
		Debug|Any CPU = Debug|Any CPU
		Release|Any CPU = Release|Any CPU
	EndGlobalSection
	GlobalSection(ProjectConfigurationPlatforms) = postSolution
		{57F21FD5-4DCE-4F41-8E0C-4F62C788FAF0}.Debug|Any CPU.ActiveCfg = Debug|Any CPU
		{57F21FD5-4DCE-4F41-8E0C-4F62C788FAF0}.Debug|Any CPU.Build.0 = Debug|Any CPU
		{57F21FD5-4DCE-4F41-8E0C-4F62C788FAF0}.Release|Any CPU.ActiveCfg = Release|Any CPU
		{57F21FD5-4DCE-4F41-8E0C-4F62C788FAF0}.Release|Any CPU.Build.0 = Release|Any CPU
	EndGlobalSection
	GlobalSection(SolutionProperties) = preSolution
		HideSolutionNode = FALSE
	EndGlobalSection
	GlobalSection(ExtensibilityGlobals) = postSolution
		SolutionGuid = {12205DE8-4488-4039-BBB3-6B0AB3BEF6DB}
	EndGlobalSection
EndGlobal
